
Microsoft Visual Studio Solution File, Format Version 12.00
# Visual Studio Version 17
VisualStudioVersion = 17.10.35004.147
MinimumVisualStudioVersion = 10.0.40219.1
Project("{FAE04EC0-301F-11D3-BF4B-00C04F79EFBC}") = "Traveller", "Traveller.csproj", "{B0DF94EA-E291-484B-BB3D-C3A493F3415C}"
EndProject
Global
	GlobalSection(SolutionConfigurationPlatforms) = preSolution
		Debug|Any CPU = Debug|Any CPU
		Release|Any CPU = Release|Any CPU
	EndGlobalSection
	GlobalSection(ProjectConfigurationPlatforms) = postSolution
		{B0DF94EA-E291-484B-BB3D-C3A493F3415C}.Debug|Any CPU.ActiveCfg = Debug|Any CPU
		{B0DF94EA-E291-484B-BB3D-C3A493F3415C}.Debug|Any CPU.Build.0 = Debug|Any CPU
		{B0DF94EA-E291-484B-BB3D-C3A493F3415C}.Release|Any CPU.ActiveCfg = Release|Any CPU
		{B0DF94EA-E291-484B-BB3D-C3A493F3415C}.Release|Any CPU.Build.0 = Release|Any CPU
	EndGlobalSection
	GlobalSection(SolutionProperties) = preSolution
		HideSolutionNode = FALSE
	EndGlobalSection
	GlobalSection(ExtensibilityGlobals) = postSolution
		SolutionGuid = {4D02C8DE-2335-4C83-9A43-811078FA3EA4}
	EndGlobalSection
EndGlobal
